{
  "name": "maquette-jsx",
  "version": "1.0.0",
  "lockfileVersion": 1,
  "requires": true,
  "dependencies": {
    "maquette": {
      "version": "3.0.0-alpha.11",
      "resolved": "https://registry.npmjs.org/maquette/-/maquette-3.0.0-alpha.11.tgz",
      "integrity": "sha512-4l9l2RQrdonxsiisGPcf1NTSxKRUuJjiv3PR6YtiuoM6jtTkUESRpsz79IP+PHXyJ5ez1IXiIKy1Q3LJy2tOjw==",
      "dev": true
    }
  }
}
